
Microsoft Visual Studio Solution File, Format Version 12.00
# Visual Studio Version 17
VisualStudioVersion = 17.2.32616.157
MinimumVisualStudioVersion = 10.0.40219.1
Project("{FAE04EC0-301F-11D3-BF4B-00C04F79EFBC}") = "OrderService", "OrderService\OrderService.csproj", "{F86A8C1A-1E3C-44D5-81BA-8B51A53A2E9E}"
EndProject
Project("{FAE04EC0-301F-11D3-BF4B-00C04F79EFBC}") = "InventoryService", "InventoryService\InventoryService.csproj", "{545DF91B-C4A9-4B7C-B506-26924C92EEBA}"
EndProject
Project("{FAE04EC0-301F-11D3-BF4B-00C04F79EFBC}") = "NotificationService", "NotificationService\NotificationService.csproj", "{A61D363E-AD56-4F6A-A3F7-04F44B8D4F1D}"
EndProject
Project("{FAE04EC0-301F-11D3-BF4B-00C04F79EFBC}") = "Saga.Orchestrator", "Saga.Orchestrator\Saga.Orchestrator.csproj", "{B45FE186-DD05-4DDE-AD6C-303415B2AA04}"
EndProject
Project("{FAE04EC0-301F-11D3-BF4B-00C04F79EFBC}") = "DataModel", "DataModel\DataModel.csproj", "{6BB91FDD-BE18-4D69-BDB6-6AE3BD12F77A}"
EndProject
Global
	GlobalSection(SolutionConfigurationPlatforms) = preSolution
		Debug|Any CPU = Debug|Any CPU
		Release|Any CPU = Release|Any CPU
	EndGlobalSection
	GlobalSection(ProjectConfigurationPlatforms) = postSolution
		{F86A8C1A-1E3C-44D5-81BA-8B51A53A2E9E}.Debug|Any CPU.ActiveCfg = Debug|Any CPU
		{F86A8C1A-1E3C-44D5-81BA-8B51A53A2E9E}.Debug|Any CPU.Build.0 = Debug|Any CPU
		{F86A8C1A-1E3C-44D5-81BA-8B51A53A2E9E}.Release|Any CPU.ActiveCfg = Release|Any CPU
		{F86A8C1A-1E3C-44D5-81BA-8B51A53A2E9E}.Release|Any CPU.Build.0 = Release|Any CPU
		{545DF91B-C4A9-4B7C-B506-26924C92EEBA}.Debug|Any CPU.ActiveCfg = Debug|Any CPU
		{545DF91B-C4A9-4B7C-B506-26924C92EEBA}.Debug|Any CPU.Build.0 = Debug|Any CPU
		{545DF91B-C4A9-4B7C-B506-26924C92EEBA}.Release|Any CPU.ActiveCfg = Release|Any CPU
		{545DF91B-C4A9-4B7C-B506-26924C92EEBA}.Release|Any CPU.Build.0 = Release|Any CPU
		{A61D363E-AD56-4F6A-A3F7-04F44B8D4F1D}.Debug|Any CPU.ActiveCfg = Debug|Any CPU
		{A61D363E-AD56-4F6A-A3F7-04F44B8D4F1D}.Debug|Any CPU.Build.0 = Debug|Any CPU
		{A61D363E-AD56-4F6A-A3F7-04F44B8D4F1D}.Release|Any CPU.ActiveCfg = Release|Any CPU
		{A61D363E-AD56-4F6A-A3F7-04F44B8D4F1D}.Release|Any CPU.Build.0 = Release|Any CPU
		{B45FE186-DD05-4DDE-AD6C-303415B2AA04}.Debug|Any CPU.ActiveCfg = Debug|Any CPU
		{B45FE186-DD05-4DDE-AD6C-303415B2AA04}.Debug|Any CPU.Build.0 = Debug|Any CPU
		{B45FE186-DD05-4DDE-AD6C-303415B2AA04}.Release|Any CPU.ActiveCfg = Release|Any CPU
		{B45FE186-DD05-4DDE-AD6C-303415B2AA04}.Release|Any CPU.Build.0 = Release|Any CPU
		{6BB91FDD-BE18-4D69-BDB6-6AE3BD12F77A}.Debug|Any CPU.ActiveCfg = Debug|Any CPU
		{6BB91FDD-BE18-4D69-BDB6-6AE3BD12F77A}.Debug|Any CPU.Build.0 = Debug|Any CPU
		{6BB91FDD-BE18-4D69-BDB6-6AE3BD12F77A}.Release|Any CPU.ActiveCfg = Release|Any CPU
		{6BB91FDD-BE18-4D69-BDB6-6AE3BD12F77A}.Release|Any CPU.Build.0 = Release|Any CPU
	EndGlobalSection
	GlobalSection(SolutionProperties) = preSolution
		HideSolutionNode = FALSE
	EndGlobalSection
	GlobalSection(ExtensibilityGlobals) = postSolution
		SolutionGuid = {BA583A93-D43E-4562-B4AA-D31C5B6AA946}
	EndGlobalSection
EndGlobal
